
Microsoft Visual Studio Solution File, Format Version 12.00
# Visual Studio Version 16
VisualStudioVersion = 16.0.32413.511
MinimumVisualStudioVersion = 10.0.40219.1
Project("{FAE04EC0-301F-11D3-BF4B-00C04F79EFBC}") = "MethodDemo", "MethodDemo\MethodDemo.csproj", "{EA0ED68F-6B85-46DD-A092-960AD8B25109}"
EndProject
Global
	GlobalSection(SolutionConfigurationPlatforms) = preSolution
		Debug|Any CPU = Debug|Any CPU
		Release|Any CPU = Release|Any CPU
	EndGlobalSection
	GlobalSection(ProjectConfigurationPlatforms) = postSolution
		{EA0ED68F-6B85-46DD-A092-960AD8B25109}.Debug|Any CPU.ActiveCfg = Debug|Any CPU
		{EA0ED68F-6B85-46DD-A092-960AD8B25109}.Debug|Any CPU.Build.0 = Debug|Any CPU
		{EA0ED68F-6B85-46DD-A092-960AD8B25109}.Release|Any CPU.ActiveCfg = Release|Any CPU
		{EA0ED68F-6B85-46DD-A092-960AD8B25109}.Release|Any CPU.Build.0 = Release|Any CPU
	EndGlobalSection
	GlobalSection(SolutionProperties) = preSolution
		HideSolutionNode = FALSE
	EndGlobalSection
	GlobalSection(ExtensibilityGlobals) = postSolution
		SolutionGuid = {1C9E8979-075C-41DF-97AC-15BDC26EB877}
	EndGlobalSection
EndGlobal
